// !$*UTF8*$!
{
	archiveVersion = 1;
	classes = {
	};
	objectVersion = 56;
	objects = {

/* Begin PBXBuildFile section */
		F423F0342CB592B6000886DE /* DataSource.swift in Sources */ = {isa = PBXBuildFile; fileRef = F423F0332CB592B6000886DE /* DataSource.swift */; };
		F423F0362CB5967A000886DE /* MockData.swift in Sources */ = {isa = PBXBuildFile; fileRef = F423F0352CB5967A000886DE /* MockData.swift */; };
		F43794452CB45EDF00DBA83E /* HealthCareApp.swift in Sources */ = {isa = PBXBuildFile; fileRef = F43794442CB45EDF00DBA83E /* HealthCareApp.swift */; };
		F43794492CB45EE100DBA83E /* Assets.xcassets in Resources */ = {isa = PBXBuildFile; fileRef = F43794482CB45EE100DBA83E /* Assets.xcassets */; };
		F437944D2CB45EE100DBA83E /* Preview Assets.xcassets in Resources */ = {isa = PBXBuildFile; fileRef = F437944C2CB45EE100DBA83E /* Preview Assets.xcassets */; };
		F43794542CB465DC00DBA83E /* Media.xcassets in Resources */ = {isa = PBXBuildFile; fileRef = F43794532CB465DC00DBA83E /* Media.xcassets */; };
		F47A5EA32CB52AB4008829D8 /* LauncherScreen.swift in Sources */ = {isa = PBXBuildFile; fileRef = F47A5EA22CB52AB4008829D8 /* LauncherScreen.swift */; };
		F47A5EA52CB52B7B008829D8 /* DashboardScreen.swift in Sources */ = {isa = PBXBuildFile; fileRef = F47A5EA42CB52B7B008829D8 /* DashboardScreen.swift */; };
		F4CC647B2CBAB071006FA4A5 /* DoctorDetailScreen.swift in Sources */ = {isa = PBXBuildFile; fileRef = F4CC647A2CBAB071006FA4A5 /* DoctorDetailScreen.swift */; };
		F4CC647D2CBD8276006FA4A5 /* Colors.swift in Sources */ = {isa = PBXBuildFile; fileRef = F4CC647C2CBD8276006FA4A5 /* Colors.swift */; };
		F4CC647F2CBD83B8006FA4A5 /* ThemeManager.swift in Sources */ = {isa = PBXBuildFile; fileRef = F4CC647E2CBD83B8006FA4A5 /* ThemeManager.swift */; };
/* End PBXBuildFile section */

/* Begin PBXFileReference section */
		F423F0332CB592B6000886DE /* DataSource.swift */ = {isa = PBXFileReference; lastKnownFileType = sourcecode.swift; path = DataSource.swift; sourceTree = "<group>"; };
		F423F0352CB5967A000886DE /* MockData.swift */ = {isa = PBXFileReference; lastKnownFileType = sourcecode.swift; path = MockData.swift; sourceTree = "<group>"; };
		F43794412CB45EDF00DBA83E /* HealthCare.app */ = {isa = PBXFileReference; explicitFileType = wrapper.application; includeInIndex = 0; path = HealthCare.app; sourceTree = BUILT_PRODUCTS_DIR; };
		F43794442CB45EDF00DBA83E /* HealthCareApp.swift */ = {isa = PBXFileReference; lastKnownFileType = sourcecode.swift; path = HealthCareApp.swift; sourceTree = "<group>"; };
		F43794482CB45EE100DBA83E /* Assets.xcassets */ = {isa = PBXFileReference; lastKnownFileType = folder.assetcatalog; path = Assets.xcassets; sourceTree = "<group>"; };
		F437944A2CB45EE100DBA83E /* HealthCare.entitlements */ = {isa = PBXFileReference; lastKnownFileType = text.plist.entitlements; path = HealthCare.entitlements; sourceTree = "<group>"; };
		F437944C2CB45EE100DBA83E /* Preview Assets.xcassets */ = {isa = PBXFileReference; lastKnownFileType = folder.assetcatalog; path = "Preview Assets.xcassets"; sourceTree = "<group>"; };
		F43794532CB465DC00DBA83E /* Media.xcassets */ = {isa = PBXFileReference; lastKnownFileType = folder.assetcatalog; path = Media.xcassets; sourceTree = "<group>"; };
		F47A5EA22CB52AB4008829D8 /* LauncherScreen.swift */ = {isa = PBXFileReference; lastKnownFileType = sourcecode.swift; path = LauncherScreen.swift; sourceTree = "<group>"; };
		F47A5EA42CB52B7B008829D8 /* DashboardScreen.swift */ = {isa = PBXFileReference; lastKnownFileType = sourcecode.swift; path = DashboardScreen.swift; sourceTree = "<group>"; };
		F4CC647A2CBAB071006FA4A5 /* DoctorDetailScreen.swift */ = {isa = PBXFileReference; lastKnownFileType = sourcecode.swift; path = DoctorDetailScreen.swift; sourceTree = "<group>"; };
		F4CC647C2CBD8276006FA4A5 /* Colors.swift */ = {isa = PBXFileReference; lastKnownFileType = sourcecode.swift; path = Colors.swift; sourceTree = "<group>"; };
		F4CC647E2CBD83B8006FA4A5 /* ThemeManager.swift */ = {isa = PBXFileReference; lastKnownFileType = sourcecode.swift; path = ThemeManager.swift; sourceTree = "<group>"; };
/* End PBXFileReference section */

/* Begin PBXFrameworksBuildPhase section */
		F437943E2CB45EDF00DBA83E /* Frameworks */ = {
			isa = PBXFrameworksBuildPhase;
			buildActionMask = 2147483647;
			files = (
			);
			runOnlyForDeploymentPostprocessing = 0;
		};
/* End PBXFrameworksBuildPhase section */

/* Begin PBXGroup section */
		F423F0322CB59299000886DE /* data */ = {
			isa = PBXGroup;
			children = (
				F423F0332CB592B6000886DE /* DataSource.swift */,
				F423F0352CB5967A000886DE /* MockData.swift */,
			);
			path = data;
			sourceTree = "<group>";
		};
		F43794382CB45EDF00DBA83E = {
			isa = PBXGroup;
			children = (
				F43794432CB45EDF00DBA83E /* HealthCare */,
				F43794422CB45EDF00DBA83E /* Products */,
			);
			sourceTree = "<group>";
		};
		F43794422CB45EDF00DBA83E /* Products */ = {
			isa = PBXGroup;
			children = (
				F43794412CB45EDF00DBA83E /* HealthCare.app */,
			);
			name = Products;
			sourceTree = "<group>";
		};
		F43794432CB45EDF00DBA83E /* HealthCare */ = {
			isa = PBXGroup;
			children = (
				F423F0322CB59299000886DE /* data */,
				F47A5EA12CB52A97008829D8 /* ui */,
				F43794442CB45EDF00DBA83E /* HealthCareApp.swift */,
				F43794482CB45EE100DBA83E /* Assets.xcassets */,
				F43794532CB465DC00DBA83E /* Media.xcassets */,
				F437944A2CB45EE100DBA83E /* HealthCare.entitlements */,
				F437944B2CB45EE100DBA83E /* Preview Content */,
			);
			path = HealthCare;
			sourceTree = "<group>";
		};
		F437944B2CB45EE100DBA83E /* Preview Content */ = {
			isa = PBXGroup;
			children = (
				F437944C2CB45EE100DBA83E /* Preview Assets.xcassets */,
			);
			path = "Preview Content";
			sourceTree = "<group>";
		};
		F47A5EA12CB52A97008829D8 /* ui */ = {
			isa = PBXGroup;
			children = (
				F47A5EA22CB52AB4008829D8 /* LauncherScreen.swift */,
				F47A5EA42CB52B7B008829D8 /* DashboardScreen.swift */,
				F4CC647A2CBAB071006FA4A5 /* DoctorDetailScreen.swift */,
				F4CC647C2CBD8276006FA4A5 /* Colors.swift */,
				F4CC647E2CBD83B8006FA4A5 /* ThemeManager.swift */,
			);
			path = ui;
			sourceTree = "<group>";
		};
/* End PBXGroup section */

/* Begin PBXNativeTarget section */
		F43794402CB45EDF00DBA83E /* HealthCare */ = {
			isa = PBXNativeTarget;
			buildConfigurationList = F43794502CB45EE100DBA83E /* Build configuration list for PBXNativeTarget "HealthCare" */;
			buildPhases = (
				F437943D2CB45EDF00DBA83E /* Sources */,
				F437943E2CB45EDF00DBA83E /* Frameworks */,
				F437943F2CB45EDF00DBA83E /* Resources */,
			);
			buildRules = (
			);
			dependencies = (
			);
			name = HealthCare;
			productName = HealthCare;
			productReference = F43794412CB45EDF00DBA83E /* HealthCare.app */;
			productType = "com.apple.product-type.application";
		};
/* End PBXNativeTarget section */

/* Begin PBXProject section */
		F43794392CB45EDF00DBA83E /* Project object */ = {
			isa = PBXProject;
			attributes = {
				BuildIndependentTargetsInParallel = 1;
				LastSwiftUpdateCheck = 1520;
				LastUpgradeCheck = 1520;
				TargetAttributes = {
					F43794402CB45EDF00DBA83E = {
						CreatedOnToolsVersion = 15.2;
					};
				};
			};
			buildConfigurationList = F437943C2CB45EDF00DBA83E /* Build configuration list for PBXProject "HealthCare" */;
			compatibilityVersion = "Xcode 14.0";
			developmentRegion = en;
			hasScannedForEncodings = 0;
			knownRegions = (
				en,
				Base,
			);
			mainGroup = F43794382CB45EDF00DBA83E;
			productRefGroup = F43794422CB45EDF00DBA83E /* Products */;
			projectDirPath = "";
			projectRoot = "";
			targets = (
				F43794402CB45EDF00DBA83E /* HealthCare */,
			);
		};
/* End PBXProject section */

/* Begin PBXResourcesBuildPhase section */
		F437943F2CB45EDF00DBA83E /* Resources */ = {
			isa = PBXResourcesBuildPhase;
			buildActionMask = 2147483647;
			files = (
				F437944D2CB45EE100DBA83E /* Preview Assets.xcassets in Resources */,
				F43794542CB465DC00DBA83E /* Media.xcassets in Resources */,
				F43794492CB45EE100DBA83E /* Assets.xcassets in Resources */,
			);
			runOnlyForDeploymentPostprocessing = 0;
		};
/* End PBXResourcesBuildPhase section */

/* Begin PBXSourcesBuildPhase section */
		F437943D2CB45EDF00DBA83E /* Sources */ = {
			isa = PBXSourcesBuildPhase;
			buildActionMask = 2147483647;
			files = (
				F47A5EA32CB52AB4008829D8 /* LauncherScreen.swift in Sources */,
				F47A5EA52CB52B7B008829D8 /* DashboardScreen.swift in Sources */,
				F423F0342CB592B6000886DE /* DataSource.swift in Sources */,
				F4CC647F2CBD83B8006FA4A5 /* ThemeManager.swift in Sources */,
				F4CC647D2CBD8276006FA4A5 /* Colors.swift in Sources */,
				F43794452CB45EDF00DBA83E /* HealthCareApp.swift in Sources */,
				F423F0362CB5967A000886DE /* MockData.swift in Sources */,
				F4CC647B2CBAB071006FA4A5 /* DoctorDetailScreen.swift in Sources */,
			);
			runOnlyForDeploymentPostprocessing = 0;
		};
/* End PBXSourcesBuildPhase section */

/* Begin XCBuildConfiguration section */
		F437944E2CB45EE100DBA83E /* Debug */ = {
			isa = XCBuildConfiguration;
			buildSettings = {
				ALWAYS_SEARCH_USER_PATHS = NO;
				ASSETCATALOG_COMPILER_GENERATE_SWIFT_ASSET_SYMBOL_EXTENSIONS = YES;
				CLANG_ANALYZER_NONNULL = YES;
				CLANG_ANALYZER_NUMBER_OBJECT_CONVERSION = YES_AGGRESSIVE;
				CLANG_CXX_LANGUAGE_STANDARD = "gnu++20";
				CLANG_ENABLE_MODULES = YES;
				CLANG_ENABLE_OBJC_ARC = YES;
				CLANG_ENABLE_OBJC_WEAK = YES;
				CLANG_WARN_BLOCK_CAPTURE_AUTORELEASING = YES;
				CLANG_WARN_BOOL_CONVERSION = YES;
				CLANG_WARN_COMMA = YES;
				CLANG_WARN_CONSTANT_CONVERSION = YES;
				CLANG_WARN_DEPRECATED_OBJC_IMPLEMENTATIONS = YES;
				CLANG_WARN_DIRECT_OBJC_ISA_USAGE = YES_ERROR;
				CLANG_WARN_DOCUMENTATION_COMMENTS = YES;
				CLANG_WARN_EMPTY_BODY = YES;
				CLANG_WARN_ENUM_CONVERSION = YES;
				CLANG_WARN_INFINITE_RECURSION = YES;
				CLANG_WARN_INT_CONVERSION = YES;
				CLANG_WARN_NON_LITERAL_NULL_CONVERSION = YES;
				CLANG_WARN_OBJC_IMPLICIT_RETAIN_SELF = YES;
				CLANG_WARN_OBJC_LITERAL_CONVERSION = YES;
				CLANG_WARN_OBJC_ROOT_CLASS = YES_ERROR;
				CLANG_WARN_QUOTED_INCLUDE_IN_FRAMEWORK_HEADER = YES;
				CLANG_WARN_RANGE_LOOP_ANALYSIS = YES;
				CLANG_WARN_STRICT_PROTOTYPES = YES;
				CLANG_WARN_SUSPICIOUS_MOVE = YES;
				CLANG_WARN_UNGUARDED_AVAILABILITY = YES_AGGRESSIVE;
				CLANG_WARN_UNREACHABLE_CODE = YES;
				CLANG_WARN__DUPLICATE_METHOD_MATCH = YES;
				COPY_PHASE_STRIP = NO;
				DEBUG_INFORMATION_FORMAT = dwarf;
				ENABLE_STRICT_OBJC_MSGSEND = YES;
				ENABLE_TESTABILITY = YES;
				ENABLE_USER_SCRIPT_SANDBOXING = YES;
				GCC_C_LANGUAGE_STANDARD = gnu17;
				GCC_DYNAMIC_NO_PIC = NO;
				GCC_NO_COMMON_BLOCKS = YES;
				GCC_OPTIMIZATION_LEVEL = 0;
				GCC_PREPROCESSOR_DEFINITIONS = (
					"DEBUG=1",
					"$(inherited)",
				);
				GCC_WARN_64_TO_32_BIT_CONVERSION = YES;
				GCC_WARN_ABOUT_RETURN_TYPE = YES_ERROR;
				GCC_WARN_UNDECLARED_SELECTOR = YES;
				GCC_WARN_UNINITIALIZED_AUTOS = YES_AGGRESSIVE;
				GCC_WARN_UNUSED_FUNCTION = YES;
				GCC_WARN_UNUSED_VARIABLE = YES;
				LOCALIZATION_PREFERS_STRING_CATALOGS = YES;
				MTL_ENABLE_DEBUG_INFO = INCLUDE_SOURCE;
				MTL_FAST_MATH = YES;
				ONLY_ACTIVE_ARCH = YES;
				SWIFT_ACTIVE_COMPILATION_CONDITIONS = "DEBUG $(inherited)";
				SWIFT_OPTIMIZATION_LEVEL = "-Onone";
			};
			name = Debug;
		};
		F437944F2CB45EE100DBA83E /* Release */ = {
			isa = XCBuildConfiguration;
			buildSettings = {
				ALWAYS_SEARCH_USER_PATHS = NO;
				ASSETCATALOG_COMPILER_GENERATE_SWIFT_ASSET_SYMBOL_EXTENSIONS = YES;
				CLANG_ANALYZER_NONNULL = YES;
				CLANG_ANALYZER_NUMBER_OBJECT_CONVERSION = YES_AGGRESSIVE;
				CLANG_CXX_LANGUAGE_STANDARD = "gnu++20";
				CLANG_ENABLE_MODULES = YES;
				CLANG_ENABLE_OBJC_ARC = YES;
				CLANG_ENABLE_OBJC_WEAK = YES;
				CLANG_WARN_BLOCK_CAPTURE_AUTORELEASING = YES;
				CLANG_WARN_BOOL_CONVERSION = YES;
				CLANG_WARN_COMMA = YES;
				CLANG_WARN_CONSTANT_CONVERSION = YES;
				CLANG_WARN_DEPRECATED_OBJC_IMPLEMENTATIONS = YES;
				CLANG_WARN_DIRECT_OBJC_ISA_USAGE = YES_ERROR;
				CLANG_WARN_DOCUMENTATION_COMMENTS = YES;
				CLANG_WARN_EMPTY_BODY = YES;
				CLANG_WARN_ENUM_CONVERSION = YES;
				CLANG_WARN_INFINITE_RECURSION = YES;
				CLANG_WARN_INT_CONVERSION = YES;
				CLANG_WARN_NON_LITERAL_NULL_CONVERSION = YES;
				CLANG_WARN_OBJC_IMPLICIT_RETAIN_SELF = YES;
				CLANG_WARN_OBJC_LITERAL_CONVERSION = YES;
				CLANG_WARN_OBJC_ROOT_CLASS = YES_ERROR;
				CLANG_WARN_QUOTED_INCLUDE_IN_FRAMEWORK_HEADER = YES;
				CLANG_WARN_RANGE_LOOP_ANALYSIS = YES;
				CLANG_WARN_STRICT_PROTOTYPES = YES;
				CLANG_WARN_SUSPICIOUS_MOVE = YES;
				CLANG_WARN_UNGUARDED_AVAILABILITY = YES_AGGRESSIVE;
				CLANG_WARN_UNREACHABLE_CODE = YES;
				CLANG_WARN__DUPLICATE_METHOD_MATCH = YES;
				COPY_PHASE_STRIP = NO;
				DEBUG_INFORMATION_FORMAT = "dwarf-with-dsym";
				ENABLE_NS_ASSERTIONS = NO;
				ENABLE_STRICT_OBJC_MSGSEND = YES;
				ENABLE_USER_SCRIPT_SANDBOXING = YES;
				GCC_C_LANGUAGE_STANDARD = gnu17;
				GCC_NO_COMMON_BLOCKS = YES;
				GCC_WARN_64_TO_32_BIT_CONVERSION = YES;
				GCC_WARN_ABOUT_RETURN_TYPE = YES_ERROR;
				GCC_WARN_UNDECLARED_SELECTOR = YES;
				GCC_WARN_UNINITIALIZED_AUTOS = YES_AGGRESSIVE;
				GCC_WARN_UNUSED_FUNCTION = YES;
				GCC_WARN_UNUSED_VARIABLE = YES;
				LOCALIZATION_PREFERS_STRING_CATALOGS = YES;
				MTL_ENABLE_DEBUG_INFO = NO;
				MTL_FAST_MATH = YES;
				SWIFT_COMPILATION_MODE = wholemodule;
			};
			name = Release;
		};
		F43794512CB45EE100DBA83E /* Debug */ = {
			isa = XCBuildConfiguration;
			buildSettings = {
				ASSETCATALOG_COMPILER_APPICON_NAME = AppIcon;
				ASSETCATALOG_COMPILER_GLOBAL_ACCENT_COLOR_NAME = AccentColor;
				CODE_SIGN_ENTITLEMENTS = HealthCare/HealthCare.entitlements;
				CODE_SIGN_STYLE = Automatic;
				CURRENT_PROJECT_VERSION = 1;
				DEVELOPMENT_ASSET_PATHS = "\"HealthCare/Preview Content\"";
				ENABLE_PREVIEWS = YES;
				GENERATE_INFOPLIST_FILE = YES;
				"INFOPLIST_KEY_UIApplicationSceneManifest_Generation[sdk=iphoneos*]" = YES;
				"INFOPLIST_KEY_UIApplicationSceneManifest_Generation[sdk=iphonesimulator*]" = YES;
				"INFOPLIST_KEY_UIApplicationSupportsIndirectInputEvents[sdk=iphoneos*]" = YES;
				"INFOPLIST_KEY_UIApplicationSupportsIndirectInputEvents[sdk=iphonesimulator*]" = YES;
				"INFOPLIST_KEY_UILaunchScreen_Generation[sdk=iphoneos*]" = YES;
				"INFOPLIST_KEY_UILaunchScreen_Generation[sdk=iphonesimulator*]" = YES;
				"INFOPLIST_KEY_UIStatusBarStyle[sdk=iphoneos*]" = UIStatusBarStyleDefault;
				"INFOPLIST_KEY_UIStatusBarStyle[sdk=iphonesimulator*]" = UIStatusBarStyleDefault;
				INFOPLIST_KEY_UISupportedInterfaceOrientations_iPad = "UIInterfaceOrientationPortrait UIInterfaceOrientationPortraitUpsideDown UIInterfaceOrientationLandscapeLeft UIInterfaceOrientationLandscapeRight";
				INFOPLIST_KEY_UISupportedInterfaceOrientations_iPhone = "UIInterfaceOrientationPortrait UIInterfaceOrientationLandscapeLeft UIInterfaceOrientationLandscapeRight";
				IPHONEOS_DEPLOYMENT_TARGET = 17.2;
				LD_RUNPATH_SEARCH_PATHS = "@executable_path/Frameworks";
				"LD_RUNPATH_SEARCH_PATHS[sdk=macosx*]" = "@executable_path/../Frameworks";
				MACOSX_DEPLOYMENT_TARGET = 14.2;
				MARKETING_VERSION = 1.0;
				PRODUCT_BUNDLE_IDENTIFIER = co.za.sqware.HealthCare;
				PRODUCT_NAME = "$(TARGET_NAME)";
				SDKROOT = auto;
				SUPPORTED_PLATFORMS = "iphoneos iphonesimulator macosx";
				SWIFT_EMIT_LOC_STRINGS = YES;
				SWIFT_VERSION = 5.0;
				TARGETED_DEVICE_FAMILY = "1,2";
			};
			name = Debug;
		};
		F43794522CB45EE100DBA83E /* Release */ = {
			isa = XCBuildConfiguration;
			buildSettings = {
				ASSETCATALOG_COMPILER_APPICON_NAME = AppIcon;
				ASSETCATALOG_COMPILER_GLOBAL_ACCENT_COLOR_NAME = AccentColor;
				CODE_SIGN_ENTITLEMENTS = HealthCare/HealthCare.entitlements;
				CODE_SIGN_STYLE = Automatic;
				CURRENT_PROJECT_VERSION = 1;
				DEVELOPMENT_ASSET_PATHS = "\"HealthCare/Preview Content\"";
				ENABLE_PREVIEWS = YES;
				GENERATE_INFOPLIST_FILE = YES;
				"INFOPLIST_KEY_UIApplicationSceneManifest_Generation[sdk=iphoneos*]" = YES;
				"INFOPLIST_KEY_UIApplicationSceneManifest_Generation[sdk=iphonesimulator*]" = YES;
				"INFOPLIST_KEY_UIApplicationSupportsIndirectInputEvents[sdk=iphoneos*]" = YES;
				"INFOPLIST_KEY_UIApplicationSupportsIndirectInputEvents[sdk=iphonesimulator*]" = YES;
				"INFOPLIST_KEY_UILaunchScreen_Generation[sdk=iphoneos*]" = YES;
				"INFOPLIST_KEY_UILaunchScreen_Generation[sdk=iphonesimulator*]" = YES;
				"INFOPLIST_KEY_UIStatusBarStyle[sdk=iphoneos*]" = UIStatusBarStyleDefault;
				"INFOPLIST_KEY_UIStatusBarStyle[sdk=iphonesimulator*]" = UIStatusBarStyleDefault;
				INFOPLIST_KEY_UISupportedInterfaceOrientations_iPad = "UIInterfaceOrientationPortrait UIInterfaceOrientationPortraitUpsideDown UIInterfaceOrientationLandscapeLeft UIInterfaceOrientationLandscapeRight";
				INFOPLIST_KEY_UISupportedInterfaceOrientations_iPhone = "UIInterfaceOrientationPortrait UIInterfaceOrientationLandscapeLeft UIInterfaceOrientationLandscapeRight";
				IPHONEOS_DEPLOYMENT_TARGET = 17.2;
				LD_RUNPATH_SEARCH_PATHS = "@executable_path/Frameworks";
				"LD_RUNPATH_SEARCH_PATHS[sdk=macosx*]" = "@executable_path/../Frameworks";
				MACOSX_DEPLOYMENT_TARGET = 14.2;
				MARKETING_VERSION = 1.0;
				PRODUCT_BUNDLE_IDENTIFIER = co.za.sqware.HealthCare;
				PRODUCT_NAME = "$(TARGET_NAME)";
				SDKROOT = auto;
				SUPPORTED_PLATFORMS = "iphoneos iphonesimulator macosx";
				SWIFT_EMIT_LOC_STRINGS = YES;
				SWIFT_VERSION = 5.0;
				TARGETED_DEVICE_FAMILY = "1,2";
			};
			name = Release;
		};
/* End XCBuildConfiguration section */

/* Begin XCConfigurationList section */
		F437943C2CB45EDF00DBA83E /* Build configuration list for PBXProject "HealthCare" */ = {
			isa = XCConfigurationList;
			buildConfigurations = (
				F437944E2CB45EE100DBA83E /* Debug */,
				F437944F2CB45EE100DBA83E /* Release */,
			);
			defaultConfigurationIsVisible = 0;
			defaultConfigurationName = Release;
		};
		F43794502CB45EE100DBA83E /* Build configuration list for PBXNativeTarget "HealthCare" */ = {
			isa = XCConfigurationList;
			buildConfigurations = (
				F43794512CB45EE100DBA83E /* Debug */,
				F43794522CB45EE100DBA83E /* Release */,
			);
			defaultConfigurationIsVisible = 0;
			defaultConfigurationName = Release;
		};
/* End XCConfigurationList section */
	};
	rootObject = F43794392CB45EDF00DBA83E /* Project object */;
}
